
Microsoft Visual Studio Solution File, Format Version 12.00
# Visual Studio Version 17
VisualStudioVersion = 17.10.34916.146
MinimumVisualStudioVersion = 10.0.40219.1
Project("{FAE04EC0-301F-11D3-BF4B-00C04F79EFBC}") = "coffee", "coffee\coffee.csproj", "{90D82EAD-027A-45A2-8D1A-6A60B0932877}"
EndProject
Project("{FAE04EC0-301F-11D3-BF4B-00C04F79EFBC}") = "CoffeeMVC", "CoffeeMVC\CoffeeMVC.csproj", "{22C0472B-56A0-45D2-A3CA-75D1F5B8FB63}"
EndProject
Global
	GlobalSection(SolutionConfigurationPlatforms) = preSolution
		Debug|Any CPU = Debug|Any CPU
		Release|Any CPU = Release|Any CPU
	EndGlobalSection
	GlobalSection(ProjectConfigurationPlatforms) = postSolution
		{90D82EAD-027A-45A2-8D1A-6A60B0932877}.Debug|Any CPU.ActiveCfg = Debug|Any CPU
		{90D82EAD-027A-45A2-8D1A-6A60B0932877}.Debug|Any CPU.Build.0 = Debug|Any CPU
		{90D82EAD-027A-45A2-8D1A-6A60B0932877}.Release|Any CPU.ActiveCfg = Release|Any CPU
		{90D82EAD-027A-45A2-8D1A-6A60B0932877}.Release|Any CPU.Build.0 = Release|Any CPU
		{22C0472B-56A0-45D2-A3CA-75D1F5B8FB63}.Debug|Any CPU.ActiveCfg = Debug|Any CPU
		{22C0472B-56A0-45D2-A3CA-75D1F5B8FB63}.Debug|Any CPU.Build.0 = Debug|Any CPU
		{22C0472B-56A0-45D2-A3CA-75D1F5B8FB63}.Release|Any CPU.ActiveCfg = Release|Any CPU
		{22C0472B-56A0-45D2-A3CA-75D1F5B8FB63}.Release|Any CPU.Build.0 = Release|Any CPU
	EndGlobalSection
	GlobalSection(SolutionProperties) = preSolution
		HideSolutionNode = FALSE
	EndGlobalSection
	GlobalSection(ExtensibilityGlobals) = postSolution
		SolutionGuid = {453C4F0B-ADFE-4C68-8528-77E4524FCCEA}
	EndGlobalSection
EndGlobal
